
Microsoft Visual Studio Solution File, Format Version 12.00
# Visual Studio Version 16
VisualStudioVersion = 16.0.29411.108
MinimumVisualStudioVersion = 10.0.40219.1
Project("{FAE04EC0-301F-11D3-BF4B-00C04F79EFBC}") = "Mandate", "Mandate\Mandate.csproj", "{634F0736-3D0F-4857-83C7-7A7DA6C50738}"
EndProject
Project("{FAE04EC0-301F-11D3-BF4B-00C04F79EFBC}") = "Mandate.Tests", "Mandate.Tests\Mandate.Tests.csproj", "{96A511C6-2102-4B54-BC63-AB51B6658603}"
EndProject
Global
	GlobalSection(SolutionConfigurationPlatforms) = preSolution
		Debug|Any CPU = Debug|Any CPU
		Release|Any CPU = Release|Any CPU
	EndGlobalSection
	GlobalSection(ProjectConfigurationPlatforms) = postSolution
		{634F0736-3D0F-4857-83C7-7A7DA6C50738}.Debug|Any CPU.ActiveCfg = Debug|Any CPU
		{634F0736-3D0F-4857-83C7-7A7DA6C50738}.Debug|Any CPU.Build.0 = Debug|Any CPU
		{634F0736-3D0F-4857-83C7-7A7DA6C50738}.Release|Any CPU.ActiveCfg = Release|Any CPU
		{634F0736-3D0F-4857-83C7-7A7DA6C50738}.Release|Any CPU.Build.0 = Release|Any CPU
		{96A511C6-2102-4B54-BC63-AB51B6658603}.Debug|Any CPU.ActiveCfg = Debug|Any CPU
		{96A511C6-2102-4B54-BC63-AB51B6658603}.Debug|Any CPU.Build.0 = Debug|Any CPU
		{96A511C6-2102-4B54-BC63-AB51B6658603}.Release|Any CPU.ActiveCfg = Release|Any CPU
		{96A511C6-2102-4B54-BC63-AB51B6658603}.Release|Any CPU.Build.0 = Release|Any CPU
	EndGlobalSection
	GlobalSection(SolutionProperties) = preSolution
		HideSolutionNode = FALSE
	EndGlobalSection
	GlobalSection(ExtensibilityGlobals) = postSolution
		SolutionGuid = {BB7506B0-390D-45E1-81C6-BDDECC978A0F}
	EndGlobalSection
EndGlobal
